// !$*UTF8*$!
{
	archiveVersion = 1;
	classes = {
	};
	objectVersion = 48;
	objects = {

/* Begin PBXBuildFile section */
		F224DFCD202DDB7E004B365D /* LeagueVC.swift in Sources */ = {isa = PBXBuildFile; fileRef = F224DFCC202DDB7E004B365D /* LeagueVC.swift */; };
		F224DFCF202DDB95004B365D /* SkillVC.swift in Sources */ = {isa = PBXBuildFile; fileRef = F224DFCE202DDB95004B365D /* SkillVC.swift */; };
		F224DFD1202DE2D6004B365D /* Player.swift in Sources */ = {isa = PBXBuildFile; fileRef = F224DFD0202DE2D6004B365D /* Player.swift */; };
		F285FEC22029F85C000545C4 /* AppDelegate.swift in Sources */ = {isa = PBXBuildFile; fileRef = F285FEC12029F85C000545C4 /* AppDelegate.swift */; };
		F285FEC42029F85C000545C4 /* WelcomeVC.swift in Sources */ = {isa = PBXBuildFile; fileRef = F285FEC32029F85C000545C4 /* WelcomeVC.swift */; };
		F285FEC72029F85C000545C4 /* Main.storyboard in Resources */ = {isa = PBXBuildFile; fileRef = F285FEC52029F85C000545C4 /* Main.storyboard */; };
		F285FEC92029F85C000545C4 /* Assets.xcassets in Resources */ = {isa = PBXBuildFile; fileRef = F285FEC82029F85C000545C4 /* Assets.xcassets */; };
		F285FECC2029F85C000545C4 /* LaunchScreen.storyboard in Resources */ = {isa = PBXBuildFile; fileRef = F285FECA2029F85C000545C4 /* LaunchScreen.storyboard */; };
		F285FED5202A0340000545C4 /* BorderButton.swift in Sources */ = {isa = PBXBuildFile; fileRef = F285FED4202A0340000545C4 /* BorderButton.swift */; };
/* End PBXBuildFile section */

/* Begin PBXFileReference section */
		F224DFCC202DDB7E004B365D /* LeagueVC.swift */ = {isa = PBXFileReference; lastKnownFileType = sourcecode.swift; path = LeagueVC.swift; sourceTree = "<group>"; };
		F224DFCE202DDB95004B365D /* SkillVC.swift */ = {isa = PBXFileReference; lastKnownFileType = sourcecode.swift; path = SkillVC.swift; sourceTree = "<group>"; };
		F224DFD0202DE2D6004B365D /* Player.swift */ = {isa = PBXFileReference; lastKnownFileType = sourcecode.swift; path = Player.swift; sourceTree = "<group>"; };
		F285FEBE2029F85C000545C4 /* app-Swoosh.app */ = {isa = PBXFileReference; explicitFileType = wrapper.application; includeInIndex = 0; path = "app-Swoosh.app"; sourceTree = BUILT_PRODUCTS_DIR; };
		F285FEC12029F85C000545C4 /* AppDelegate.swift */ = {isa = PBXFileReference; lastKnownFileType = sourcecode.swift; path = AppDelegate.swift; sourceTree = "<group>"; };
		F285FEC32029F85C000545C4 /* WelcomeVC.swift */ = {isa = PBXFileReference; lastKnownFileType = sourcecode.swift; path = WelcomeVC.swift; sourceTree = "<group>"; };
		F285FEC62029F85C000545C4 /* Base */ = {isa = PBXFileReference; lastKnownFileType = file.storyboard; name = Base; path = Base.lproj/Main.storyboard; sourceTree = "<group>"; };
		F285FEC82029F85C000545C4 /* Assets.xcassets */ = {isa = PBXFileReference; lastKnownFileType = folder.assetcatalog; path = Assets.xcassets; sourceTree = "<group>"; };
		F285FECB2029F85C000545C4 /* Base */ = {isa = PBXFileReference; lastKnownFileType = file.storyboard; name = Base; path = Base.lproj/LaunchScreen.storyboard; sourceTree = "<group>"; };
		F285FECD2029F85C000545C4 /* Info.plist */ = {isa = PBXFileReference; lastKnownFileType = text.plist.xml; path = Info.plist; sourceTree = "<group>"; };
		F285FED4202A0340000545C4 /* BorderButton.swift */ = {isa = PBXFileReference; lastKnownFileType = sourcecode.swift; path = BorderButton.swift; sourceTree = "<group>"; };
/* End PBXFileReference section */

/* Begin PBXFrameworksBuildPhase section */
		F285FEBB2029F85B000545C4 /* Frameworks */ = {
			isa = PBXFrameworksBuildPhase;
			buildActionMask = 2147483647;
			files = (
			);
			runOnlyForDeploymentPostprocessing = 0;
		};
/* End PBXFrameworksBuildPhase section */

/* Begin PBXGroup section */
		F285FEB52029F85B000545C4 = {
			isa = PBXGroup;
			children = (
				F285FEC02029F85C000545C4 /* app-Swoosh */,
				F285FEBF2029F85C000545C4 /* Products */,
			);
			sourceTree = "<group>";
		};
		F285FEBF2029F85C000545C4 /* Products */ = {
			isa = PBXGroup;
			children = (
				F285FEBE2029F85C000545C4 /* app-Swoosh.app */,
			);
			name = Products;
			sourceTree = "<group>";
		};
		F285FEC02029F85C000545C4 /* app-Swoosh */ = {
			isa = PBXGroup;
			children = (
				F29ACC03202DDA4A00A112DD /* Model */,
				F29ACC02202DDA3D00A112DD /* Controller */,
				F285FED3202A02D8000545C4 /* View */,
				F285FEC12029F85C000545C4 /* AppDelegate.swift */,
				F285FEC52029F85C000545C4 /* Main.storyboard */,
				F285FEC82029F85C000545C4 /* Assets.xcassets */,
				F285FECA2029F85C000545C4 /* LaunchScreen.storyboard */,
				F285FECD2029F85C000545C4 /* Info.plist */,
			);
			path = "app-Swoosh";
			sourceTree = "<group>";
		};
		F285FED3202A02D8000545C4 /* View */ = {
			isa = PBXGroup;
			children = (
				F285FED4202A0340000545C4 /* BorderButton.swift */,
			);
			path = View;
			sourceTree = "<group>";
		};
		F29ACC02202DDA3D00A112DD /* Controller */ = {
			isa = PBXGroup;
			children = (
				F285FEC32029F85C000545C4 /* WelcomeVC.swift */,
				F224DFCE202DDB95004B365D /* SkillVC.swift */,
				F224DFCC202DDB7E004B365D /* LeagueVC.swift */,
			);
			path = Controller;
			sourceTree = "<group>";
		};
		F29ACC03202DDA4A00A112DD /* Model */ = {
			isa = PBXGroup;
			children = (
				F224DFD0202DE2D6004B365D /* Player.swift */,
			);
			path = Model;
			sourceTree = "<group>";
		};
/* End PBXGroup section */

/* Begin PBXNativeTarget section */
		F285FEBD2029F85B000545C4 /* app-Swoosh */ = {
			isa = PBXNativeTarget;
			buildConfigurationList = F285FED02029F85C000545C4 /* Build configuration list for PBXNativeTarget "app-Swoosh" */;
			buildPhases = (
				F285FEBA2029F85B000545C4 /* Sources */,
				F285FEBB2029F85B000545C4 /* Frameworks */,
				F285FEBC2029F85B000545C4 /* Resources */,
			);
			buildRules = (
			);
			dependencies = (
			);
			name = "app-Swoosh";
			productName = "app-Swoosh";
			productReference = F285FEBE2029F85C000545C4 /* app-Swoosh.app */;
			productType = "com.apple.product-type.application";
		};
/* End PBXNativeTarget section */

/* Begin PBXProject section */
		F285FEB62029F85B000545C4 /* Project object */ = {
			isa = PBXProject;
			attributes = {
				LastSwiftUpdateCheck = 0900;
				LastUpgradeCheck = 0900;
				ORGANIZATIONNAME = "Jyotik Mayur";
				TargetAttributes = {
					F285FEBD2029F85B000545C4 = {
						CreatedOnToolsVersion = 9.0.1;
						ProvisioningStyle = Automatic;
					};
				};
			};
			buildConfigurationList = F285FEB92029F85B000545C4 /* Build configuration list for PBXProject "app-Swoosh" */;
			compatibilityVersion = "Xcode 8.0";
			developmentRegion = en;
			hasScannedForEncodings = 0;
			knownRegions = (
				en,
				Base,
			);
			mainGroup = F285FEB52029F85B000545C4;
			productRefGroup = F285FEBF2029F85C000545C4 /* Products */;
			projectDirPath = "";
			projectRoot = "";
			targets = (
				F285FEBD2029F85B000545C4 /* app-Swoosh */,
			);
		};
/* End PBXProject section */

/* Begin PBXResourcesBuildPhase section */
		F285FEBC2029F85B000545C4 /* Resources */ = {
			isa = PBXResourcesBuildPhase;
			buildActionMask = 2147483647;
			files = (
				F285FECC2029F85C000545C4 /* LaunchScreen.storyboard in Resources */,
				F285FEC92029F85C000545C4 /* Assets.xcassets in Resources */,
				F285FEC72029F85C000545C4 /* Main.storyboard in Resources */,
			);
			runOnlyForDeploymentPostprocessing = 0;
		};
/* End PBXResourcesBuildPhase section */

/* Begin PBXSourcesBuildPhase section */
		F285FEBA2029F85B000545C4 /* Sources */ = {
			isa = PBXSourcesBuildPhase;
			buildActionMask = 2147483647;
			files = (
				F285FEC42029F85C000545C4 /* WelcomeVC.swift in Sources */,
				F224DFCD202DDB7E004B365D /* LeagueVC.swift in Sources */,
				F285FEC22029F85C000545C4 /* AppDelegate.swift in Sources */,
				F224DFCF202DDB95004B365D /* SkillVC.swift in Sources */,
				F224DFD1202DE2D6004B365D /* Player.swift in Sources */,
				F285FED5202A0340000545C4 /* BorderButton.swift in Sources */,
			);
			runOnlyForDeploymentPostprocessing = 0;
		};
/* End PBXSourcesBuildPhase section */

/* Begin PBXVariantGroup section */
		F285FEC52029F85C000545C4 /* Main.storyboard */ = {
			isa = PBXVariantGroup;
			children = (
				F285FEC62029F85C000545C4 /* Base */,
			);
			name = Main.storyboard;
			sourceTree = "<group>";
		};
		F285FECA2029F85C000545C4 /* LaunchScreen.storyboard */ = {
			isa = PBXVariantGroup;
			children = (
				F285FECB2029F85C000545C4 /* Base */,
			);
			name = LaunchScreen.storyboard;
			sourceTree = "<group>";
		};
/* End PBXVariantGroup section */

/* Begin XCBuildConfiguration section */
		F285FECE2029F85C000545C4 /* Debug */ = {
			isa = XCBuildConfiguration;
			buildSettings = {
				ALWAYS_SEARCH_USER_PATHS = NO;
				CLANG_ANALYZER_NONNULL = YES;
				CLANG_ANALYZER_NUMBER_OBJECT_CONVERSION = YES_AGGRESSIVE;
				CLANG_CXX_LANGUAGE_STANDARD = "gnu++14";
				CLANG_CXX_LIBRARY = "libc++";
				CLANG_ENABLE_MODULES = YES;
				CLANG_ENABLE_OBJC_ARC = YES;
				CLANG_WARN_BLOCK_CAPTURE_AUTORELEASING = YES;
				CLANG_WARN_BOOL_CONVERSION = YES;
				CLANG_WARN_COMMA = YES;
				CLANG_WARN_CONSTANT_CONVERSION = YES;
				CLANG_WARN_DIRECT_OBJC_ISA_USAGE = YES_ERROR;
				CLANG_WARN_DOCUMENTATION_COMMENTS = YES;
				CLANG_WARN_EMPTY_BODY = YES;
				CLANG_WARN_ENUM_CONVERSION = YES;
				CLANG_WARN_INFINITE_RECURSION = YES;
				CLANG_WARN_INT_CONVERSION = YES;
				CLANG_WARN_NON_LITERAL_NULL_CONVERSION = YES;
				CLANG_WARN_OBJC_LITERAL_CONVERSION = YES;
				CLANG_WARN_OBJC_ROOT_CLASS = YES_ERROR;
				CLANG_WARN_RANGE_LOOP_ANALYSIS = YES;
				CLANG_WARN_STRICT_PROTOTYPES = YES;
				CLANG_WARN_SUSPICIOUS_MOVE = YES;
				CLANG_WARN_UNGUARDED_AVAILABILITY = YES_AGGRESSIVE;
				CLANG_WARN_UNREACHABLE_CODE = YES;
				CLANG_WARN__DUPLICATE_METHOD_MATCH = YES;
				CODE_SIGN_IDENTITY = "iPhone Developer";
				COPY_PHASE_STRIP = NO;
				DEBUG_INFORMATION_FORMAT = dwarf;
				ENABLE_STRICT_OBJC_MSGSEND = YES;
				ENABLE_TESTABILITY = YES;
				GCC_C_LANGUAGE_STANDARD = gnu11;
				GCC_DYNAMIC_NO_PIC = NO;
				GCC_NO_COMMON_BLOCKS = YES;
				GCC_OPTIMIZATION_LEVEL = 0;
				GCC_PREPROCESSOR_DEFINITIONS = (
					"DEBUG=1",
					"$(inherited)",
				);
				GCC_WARN_64_TO_32_BIT_CONVERSION = YES;
				GCC_WARN_ABOUT_RETURN_TYPE = YES_ERROR;
				GCC_WARN_UNDECLARED_SELECTOR = YES;
				GCC_WARN_UNINITIALIZED_AUTOS = YES_AGGRESSIVE;
				GCC_WARN_UNUSED_FUNCTION = YES;
				GCC_WARN_UNUSED_VARIABLE = YES;
				IPHONEOS_DEPLOYMENT_TARGET = 11.0;
				MTL_ENABLE_DEBUG_INFO = YES;
				ONLY_ACTIVE_ARCH = YES;
				SDKROOT = iphoneos;
				SWIFT_ACTIVE_COMPILATION_CONDITIONS = DEBUG;
				SWIFT_OPTIMIZATION_LEVEL = "-Onone";
			};
			name = Debug;
		};
		F285FECF2029F85C000545C4 /* Release */ = {
			isa = XCBuildConfiguration;
			buildSettings = {
				ALWAYS_SEARCH_USER_PATHS = NO;
				CLANG_ANALYZER_NONNULL = YES;
				CLANG_ANALYZER_NUMBER_OBJECT_CONVERSION = YES_AGGRESSIVE;
				CLANG_CXX_LANGUAGE_STANDARD = "gnu++14";
				CLANG_CXX_LIBRARY = "libc++";
				CLANG_ENABLE_MODULES = YES;
				CLANG_ENABLE_OBJC_ARC = YES;
				CLANG_WARN_BLOCK_CAPTURE_AUTORELEASING = YES;
				CLANG_WARN_BOOL_CONVERSION = YES;
				CLANG_WARN_COMMA = YES;
				CLANG_WARN_CONSTANT_CONVERSION = YES;
				CLANG_WARN_DIRECT_OBJC_ISA_USAGE = YES_ERROR;
				CLANG_WARN_DOCUMENTATION_COMMENTS = YES;
				CLANG_WARN_EMPTY_BODY = YES;
				CLANG_WARN_ENUM_CONVERSION = YES;
				CLANG_WARN_INFINITE_RECURSION = YES;
				CLANG_WARN_INT_CONVERSION = YES;
				CLANG_WARN_NON_LITERAL_NULL_CONVERSION = YES;
				CLANG_WARN_OBJC_LITERAL_CONVERSION = YES;
				CLANG_WARN_OBJC_ROOT_CLASS = YES_ERROR;
				CLANG_WARN_RANGE_LOOP_ANALYSIS = YES;
				CLANG_WARN_STRICT_PROTOTYPES = YES;
				CLANG_WARN_SUSPICIOUS_MOVE = YES;
				CLANG_WARN_UNGUARDED_AVAILABILITY = YES_AGGRESSIVE;
				CLANG_WARN_UNREACHABLE_CODE = YES;
				CLANG_WARN__DUPLICATE_METHOD_MATCH = YES;
				CODE_SIGN_IDENTITY = "iPhone Developer";
				COPY_PHASE_STRIP = NO;
				DEBUG_INFORMATION_FORMAT = "dwarf-with-dsym";
				ENABLE_NS_ASSERTIONS = NO;
				ENABLE_STRICT_OBJC_MSGSEND = YES;
				GCC_C_LANGUAGE_STANDARD = gnu11;
				GCC_NO_COMMON_BLOCKS = YES;
				GCC_WARN_64_TO_32_BIT_CONVERSION = YES;
				GCC_WARN_ABOUT_RETURN_TYPE = YES_ERROR;
				GCC_WARN_UNDECLARED_SELECTOR = YES;
				GCC_WARN_UNINITIALIZED_AUTOS = YES_AGGRESSIVE;
				GCC_WARN_UNUSED_FUNCTION = YES;
				GCC_WARN_UNUSED_VARIABLE = YES;
				IPHONEOS_DEPLOYMENT_TARGET = 11.0;
				MTL_ENABLE_DEBUG_INFO = NO;
				SDKROOT = iphoneos;
				SWIFT_OPTIMIZATION_LEVEL = "-Owholemodule";
				VALIDATE_PRODUCT = YES;
			};
			name = Release;
		};
		F285FED12029F85C000545C4 /* Debug */ = {
			isa = XCBuildConfiguration;
			buildSettings = {
				ASSETCATALOG_COMPILER_APPICON_NAME = AppIcon;
				CODE_SIGN_STYLE = Automatic;
				INFOPLIST_FILE = "app-Swoosh/Info.plist";
				LD_RUNPATH_SEARCH_PATHS = "$(inherited) @executable_path/Frameworks";
				PRODUCT_BUNDLE_IDENTIFIER = "com.jyotikmayur.app-Swoosh";
				PRODUCT_NAME = "$(TARGET_NAME)";
				SWIFT_VERSION = 4.0;
				TARGETED_DEVICE_FAMILY = "1,2";
			};
			name = Debug;
		};
		F285FED22029F85C000545C4 /* Release */ = {
			isa = XCBuildConfiguration;
			buildSettings = {
				ASSETCATALOG_COMPILER_APPICON_NAME = AppIcon;
				CODE_SIGN_STYLE = Automatic;
				INFOPLIST_FILE = "app-Swoosh/Info.plist";
				LD_RUNPATH_SEARCH_PATHS = "$(inherited) @executable_path/Frameworks";
				PRODUCT_BUNDLE_IDENTIFIER = "com.jyotikmayur.app-Swoosh";
				PRODUCT_NAME = "$(TARGET_NAME)";
				SWIFT_VERSION = 4.0;
				TARGETED_DEVICE_FAMILY = "1,2";
			};
			name = Release;
		};
/* End XCBuildConfiguration section */

/* Begin XCConfigurationList section */
		F285FEB92029F85B000545C4 /* Build configuration list for PBXProject "app-Swoosh" */ = {
			isa = XCConfigurationList;
			buildConfigurations = (
				F285FECE2029F85C000545C4 /* Debug */,
				F285FECF2029F85C000545C4 /* Release */,
			);
			defaultConfigurationIsVisible = 0;
			defaultConfigurationName = Release;
		};
		F285FED02029F85C000545C4 /* Build configuration list for PBXNativeTarget "app-Swoosh" */ = {
			isa = XCConfigurationList;
			buildConfigurations = (
				F285FED12029F85C000545C4 /* Debug */,
				F285FED22029F85C000545C4 /* Release */,
			);
			defaultConfigurationIsVisible = 0;
			defaultConfigurationName = Release;
		};
/* End XCConfigurationList section */
	};
	rootObject = F285FEB62029F85B000545C4 /* Project object */;
}
